
Microsoft Visual Studio Solution File, Format Version 12.00
# Visual Studio Version 17
VisualStudioVersion = 17.2.32519.379
MinimumVisualStudioVersion = 10.0.40219.1
Project("{FAE04EC0-301F-11D3-BF4B-00C04F79EFBC}") = "HashTables", "HashTables\HashTables.csproj", "{1F54FE57-2731-4C34-BC61-8FFB7C3FACDD}"
EndProject
Global
	GlobalSection(SolutionConfigurationPlatforms) = preSolution
		Debug|Any CPU = Debug|Any CPU
		Release|Any CPU = Release|Any CPU
	EndGlobalSection
	GlobalSection(ProjectConfigurationPlatforms) = postSolution
		{1F54FE57-2731-4C34-BC61-8FFB7C3FACDD}.Debug|Any CPU.ActiveCfg = Debug|Any CPU
		{1F54FE57-2731-4C34-BC61-8FFB7C3FACDD}.Debug|Any CPU.Build.0 = Debug|Any CPU
		{1F54FE57-2731-4C34-BC61-8FFB7C3FACDD}.Release|Any CPU.ActiveCfg = Release|Any CPU
		{1F54FE57-2731-4C34-BC61-8FFB7C3FACDD}.Release|Any CPU.Build.0 = Release|Any CPU
	EndGlobalSection
	GlobalSection(SolutionProperties) = preSolution
		HideSolutionNode = FALSE
	EndGlobalSection
	GlobalSection(ExtensibilityGlobals) = postSolution
		SolutionGuid = {2172B68C-46D8-44C9-8678-B15BA823A82E}
	EndGlobalSection
EndGlobal
